
Microsoft Visual Studio Solution File, Format Version 12.00
# Visual Studio Version 16
VisualStudioVersion = 16.0.32126.315
MinimumVisualStudioVersion = 10.0.40219.1
Project("{8BC9CEB8-8B4A-11D0-8D11-00A0C91BC942}") = "Project9", "Project9\Project9.vcxproj", "{865B757A-7D87-410B-BEDB-DD908C417B3B}"
EndProject
Global
	GlobalSection(SolutionConfigurationPlatforms) = preSolution
		Debug|x64 = Debug|x64
		Debug|x86 = Debug|x86
		Release|x64 = Release|x64
		Release|x86 = Release|x86
	EndGlobalSection
	GlobalSection(ProjectConfigurationPlatforms) = postSolution
		{865B757A-7D87-410B-BEDB-DD908C417B3B}.Debug|x64.ActiveCfg = Debug|x64
		{865B757A-7D87-410B-BEDB-DD908C417B3B}.Debug|x64.Build.0 = Debug|x64
		{865B757A-7D87-410B-BEDB-DD908C417B3B}.Debug|x86.ActiveCfg = Debug|Win32
		{865B757A-7D87-410B-BEDB-DD908C417B3B}.Debug|x86.Build.0 = Debug|Win32
		{865B757A-7D87-410B-BEDB-DD908C417B3B}.Release|x64.ActiveCfg = Release|x64
		{865B757A-7D87-410B-BEDB-DD908C417B3B}.Release|x64.Build.0 = Release|x64
		{865B757A-7D87-410B-BEDB-DD908C417B3B}.Release|x86.ActiveCfg = Release|Win32
		{865B757A-7D87-410B-BEDB-DD908C417B3B}.Release|x86.Build.0 = Release|Win32
	EndGlobalSection
	GlobalSection(SolutionProperties) = preSolution
		HideSolutionNode = FALSE
	EndGlobalSection
	GlobalSection(ExtensibilityGlobals) = postSolution
		SolutionGuid = {923B5A75-52F8-4088-BA5C-F9B0A8427251}
	EndGlobalSection
EndGlobal
